
Microsoft Visual Studio Solution File, Format Version 12.00
# Visual Studio Version 17
VisualStudioVersion = 17.0.32014.148
MinimumVisualStudioVersion = 10.0.40219.1
Project("{2150E333-8FDC-42A3-9474-1A3956D46DE8}") = "Services", "Services", "{600E9F7D-A518-4F5C-A96D-11BDED530C98}"
EndProject
Project("{2150E333-8FDC-42A3-9474-1A3956D46DE8}") = "Catalog", "Catalog", "{EC033E68-D586-4F12-8652-EAC7732C55DD}"
EndProject
Project("{9A19103F-16F7-4668-BE54-9A1E7A4F7556}") = "Catalog.Api", "Services\Catalog\Catalog.Api\Catalog.Api.csproj", "{B02C1DA5-969A-4E07-9CB7-AC27850C7E1E}"
EndProject
Project("{E53339B2-1760-4266-BCC7-CA923CBCF16C}") = "docker-compose", "docker-compose.dcproj", "{7B4CF636-BD9B-4CC1-8940-13CB1662814E}"
EndProject
Project("{2150E333-8FDC-42A3-9474-1A3956D46DE8}") = "Basket", "Basket", "{362ED94B-F5CC-4FEF-AF7C-BE4DB7ACCB5C}"
EndProject
Project("{9A19103F-16F7-4668-BE54-9A1E7A4F7556}") = "Basket.Api", "Services\Basket\Basket.Api\Basket.Api.csproj", "{17251DD3-0AE6-4D22-A530-92D4205D9938}"
EndProject
Project("{2150E333-8FDC-42A3-9474-1A3956D46DE8}") = "Discount", "Discount", "{74F7EA4A-8A10-429F-91D6-35A12B628820}"
EndProject
Project("{9A19103F-16F7-4668-BE54-9A1E7A4F7556}") = "Discount.Api", "Services\Discount\Discount.Api\Discount.Api.csproj", "{8305B220-96E4-4510-9BC1-5CC58348EF16}"
EndProject
Project("{9A19103F-16F7-4668-BE54-9A1E7A4F7556}") = "Discount.Grpc", "Services\Discount\Discount.Grpc\Discount.Grpc.csproj", "{46D2117A-7204-4593-B087-199CB1DF5EC1}"
EndProject
Project("{2150E333-8FDC-42A3-9474-1A3956D46DE8}") = "Ordering", "Ordering", "{4844B55C-87F6-4D07-8640-11E684D4B1A0}"
EndProject
Project("{9A19103F-16F7-4668-BE54-9A1E7A4F7556}") = "Ordering.Api", "Services\Ordering\Ordering.Api\Ordering.Api.csproj", "{8D80C89B-60C8-4E32-9A60-0D8EE31DDA9F}"
EndProject
Project("{9A19103F-16F7-4668-BE54-9A1E7A4F7556}") = "Ordering.Domain", "Services\Ordering\Ordering.Domain\Ordering.Domain.csproj", "{6C850BFF-1F9B-43D8-B329-C7ACAD548564}"
EndProject
Project("{9A19103F-16F7-4668-BE54-9A1E7A4F7556}") = "Ordering.Application", "Services\Ordering\Ordering.Application\Ordering.Application.csproj", "{ABDB73EB-FC56-4859-B827-E120A17F7E99}"
EndProject
Project("{9A19103F-16F7-4668-BE54-9A1E7A4F7556}") = "Ordering.Infrastructure", "Services\Ordering\Ordering.Infrastructure\Ordering.Infrastructure.csproj", "{1ABA38C6-EAD7-4BE6-8466-A23341F6CA9F}"
EndProject
Project("{2150E333-8FDC-42A3-9474-1A3956D46DE8}") = "BuildingBlocks", "BuildingBlocks", "{887FFCFC-1B4F-4F6D-9A86-A5C908FFD3E8}"
EndProject
Project("{9A19103F-16F7-4668-BE54-9A1E7A4F7556}") = "EventBus.Messages", "BuildingBlocks\EventBus.Messages\EventBus.Messages.csproj", "{B0392B64-D6CD-4D18-8581-2961D8E0CE4B}"
EndProject
Project("{2150E333-8FDC-42A3-9474-1A3956D46DE8}") = "ApiGateways", "ApiGateways", "{E98FC5D0-784C-467B-A696-441983703E17}"
EndProject
Project("{9A19103F-16F7-4668-BE54-9A1E7A4F7556}") = "OcelotApiGw", "ApiGateways\OcelotApiGw\OcelotApiGw.csproj", "{75B4F82B-B27C-47D3-84E7-C0EB5B5B00C7}"
EndProject
Project("{FAE04EC0-301F-11D3-BF4B-00C04F79EFBC}") = "Shopping.Aggregator", "ApiGateways\Shopping.Aggregator\Shopping.Aggregator.csproj", "{F101876D-1478-4F29-B90F-0EBAEE89AECC}"
EndProject
Global
	GlobalSection(SolutionConfigurationPlatforms) = preSolution
		Debug|Any CPU = Debug|Any CPU
		Release|Any CPU = Release|Any CPU
	EndGlobalSection
	GlobalSection(ProjectConfigurationPlatforms) = postSolution
		{B02C1DA5-969A-4E07-9CB7-AC27850C7E1E}.Debug|Any CPU.ActiveCfg = Debug|Any CPU
		{B02C1DA5-969A-4E07-9CB7-AC27850C7E1E}.Debug|Any CPU.Build.0 = Debug|Any CPU
		{B02C1DA5-969A-4E07-9CB7-AC27850C7E1E}.Release|Any CPU.ActiveCfg = Release|Any CPU
		{B02C1DA5-969A-4E07-9CB7-AC27850C7E1E}.Release|Any CPU.Build.0 = Release|Any CPU
		{7B4CF636-BD9B-4CC1-8940-13CB1662814E}.Debug|Any CPU.ActiveCfg = Debug|Any CPU
		{7B4CF636-BD9B-4CC1-8940-13CB1662814E}.Debug|Any CPU.Build.0 = Debug|Any CPU
		{7B4CF636-BD9B-4CC1-8940-13CB1662814E}.Release|Any CPU.ActiveCfg = Release|Any CPU
		{7B4CF636-BD9B-4CC1-8940-13CB1662814E}.Release|Any CPU.Build.0 = Release|Any CPU
		{17251DD3-0AE6-4D22-A530-92D4205D9938}.Debug|Any CPU.ActiveCfg = Debug|Any CPU
		{17251DD3-0AE6-4D22-A530-92D4205D9938}.Debug|Any CPU.Build.0 = Debug|Any CPU
		{17251DD3-0AE6-4D22-A530-92D4205D9938}.Release|Any CPU.ActiveCfg = Release|Any CPU
		{17251DD3-0AE6-4D22-A530-92D4205D9938}.Release|Any CPU.Build.0 = Release|Any CPU
		{8305B220-96E4-4510-9BC1-5CC58348EF16}.Debug|Any CPU.ActiveCfg = Debug|Any CPU
		{8305B220-96E4-4510-9BC1-5CC58348EF16}.Debug|Any CPU.Build.0 = Debug|Any CPU
		{8305B220-96E4-4510-9BC1-5CC58348EF16}.Release|Any CPU.ActiveCfg = Release|Any CPU
		{8305B220-96E4-4510-9BC1-5CC58348EF16}.Release|Any CPU.Build.0 = Release|Any CPU
		{46D2117A-7204-4593-B087-199CB1DF5EC1}.Debug|Any CPU.ActiveCfg = Debug|Any CPU
		{46D2117A-7204-4593-B087-199CB1DF5EC1}.Debug|Any CPU.Build.0 = Debug|Any CPU
		{46D2117A-7204-4593-B087-199CB1DF5EC1}.Release|Any CPU.ActiveCfg = Release|Any CPU
		{46D2117A-7204-4593-B087-199CB1DF5EC1}.Release|Any CPU.Build.0 = Release|Any CPU
		{8D80C89B-60C8-4E32-9A60-0D8EE31DDA9F}.Debug|Any CPU.ActiveCfg = Debug|Any CPU
		{8D80C89B-60C8-4E32-9A60-0D8EE31DDA9F}.Debug|Any CPU.Build.0 = Debug|Any CPU
		{8D80C89B-60C8-4E32-9A60-0D8EE31DDA9F}.Release|Any CPU.ActiveCfg = Release|Any CPU
		{8D80C89B-60C8-4E32-9A60-0D8EE31DDA9F}.Release|Any CPU.Build.0 = Release|Any CPU
		{6C850BFF-1F9B-43D8-B329-C7ACAD548564}.Debug|Any CPU.ActiveCfg = Debug|Any CPU
		{6C850BFF-1F9B-43D8-B329-C7ACAD548564}.Debug|Any CPU.Build.0 = Debug|Any CPU
		{6C850BFF-1F9B-43D8-B329-C7ACAD548564}.Release|Any CPU.ActiveCfg = Release|Any CPU
		{6C850BFF-1F9B-43D8-B329-C7ACAD548564}.Release|Any CPU.Build.0 = Release|Any CPU
		{ABDB73EB-FC56-4859-B827-E120A17F7E99}.Debug|Any CPU.ActiveCfg = Debug|Any CPU
		{ABDB73EB-FC56-4859-B827-E120A17F7E99}.Debug|Any CPU.Build.0 = Debug|Any CPU
		{ABDB73EB-FC56-4859-B827-E120A17F7E99}.Release|Any CPU.ActiveCfg = Release|Any CPU
		{ABDB73EB-FC56-4859-B827-E120A17F7E99}.Release|Any CPU.Build.0 = Release|Any CPU
		{1ABA38C6-EAD7-4BE6-8466-A23341F6CA9F}.Debug|Any CPU.ActiveCfg = Debug|Any CPU
		{1ABA38C6-EAD7-4BE6-8466-A23341F6CA9F}.Debug|Any CPU.Build.0 = Debug|Any CPU
		{1ABA38C6-EAD7-4BE6-8466-A23341F6CA9F}.Release|Any CPU.ActiveCfg = Release|Any CPU
		{1ABA38C6-EAD7-4BE6-8466-A23341F6CA9F}.Release|Any CPU.Build.0 = Release|Any CPU
		{B0392B64-D6CD-4D18-8581-2961D8E0CE4B}.Debug|Any CPU.ActiveCfg = Debug|Any CPU
		{B0392B64-D6CD-4D18-8581-2961D8E0CE4B}.Debug|Any CPU.Build.0 = Debug|Any CPU
		{B0392B64-D6CD-4D18-8581-2961D8E0CE4B}.Release|Any CPU.ActiveCfg = Release|Any CPU
		{B0392B64-D6CD-4D18-8581-2961D8E0CE4B}.Release|Any CPU.Build.0 = Release|Any CPU
		{75B4F82B-B27C-47D3-84E7-C0EB5B5B00C7}.Debug|Any CPU.ActiveCfg = Debug|Any CPU
		{75B4F82B-B27C-47D3-84E7-C0EB5B5B00C7}.Debug|Any CPU.Build.0 = Debug|Any CPU
		{75B4F82B-B27C-47D3-84E7-C0EB5B5B00C7}.Release|Any CPU.ActiveCfg = Release|Any CPU
		{75B4F82B-B27C-47D3-84E7-C0EB5B5B00C7}.Release|Any CPU.Build.0 = Release|Any CPU
		{F101876D-1478-4F29-B90F-0EBAEE89AECC}.Debug|Any CPU.ActiveCfg = Debug|Any CPU
		{F101876D-1478-4F29-B90F-0EBAEE89AECC}.Debug|Any CPU.Build.0 = Debug|Any CPU
		{F101876D-1478-4F29-B90F-0EBAEE89AECC}.Release|Any CPU.ActiveCfg = Release|Any CPU
		{F101876D-1478-4F29-B90F-0EBAEE89AECC}.Release|Any CPU.Build.0 = Release|Any CPU
	EndGlobalSection
	GlobalSection(SolutionProperties) = preSolution
		HideSolutionNode = FALSE
	EndGlobalSection
	GlobalSection(NestedProjects) = preSolution
		{EC033E68-D586-4F12-8652-EAC7732C55DD} = {600E9F7D-A518-4F5C-A96D-11BDED530C98}
		{B02C1DA5-969A-4E07-9CB7-AC27850C7E1E} = {EC033E68-D586-4F12-8652-EAC7732C55DD}
		{362ED94B-F5CC-4FEF-AF7C-BE4DB7ACCB5C} = {600E9F7D-A518-4F5C-A96D-11BDED530C98}
		{17251DD3-0AE6-4D22-A530-92D4205D9938} = {362ED94B-F5CC-4FEF-AF7C-BE4DB7ACCB5C}
		{74F7EA4A-8A10-429F-91D6-35A12B628820} = {600E9F7D-A518-4F5C-A96D-11BDED530C98}
		{8305B220-96E4-4510-9BC1-5CC58348EF16} = {74F7EA4A-8A10-429F-91D6-35A12B628820}
		{46D2117A-7204-4593-B087-199CB1DF5EC1} = {74F7EA4A-8A10-429F-91D6-35A12B628820}
		{4844B55C-87F6-4D07-8640-11E684D4B1A0} = {600E9F7D-A518-4F5C-A96D-11BDED530C98}
		{8D80C89B-60C8-4E32-9A60-0D8EE31DDA9F} = {4844B55C-87F6-4D07-8640-11E684D4B1A0}
		{6C850BFF-1F9B-43D8-B329-C7ACAD548564} = {4844B55C-87F6-4D07-8640-11E684D4B1A0}
		{ABDB73EB-FC56-4859-B827-E120A17F7E99} = {4844B55C-87F6-4D07-8640-11E684D4B1A0}
		{1ABA38C6-EAD7-4BE6-8466-A23341F6CA9F} = {4844B55C-87F6-4D07-8640-11E684D4B1A0}
		{B0392B64-D6CD-4D18-8581-2961D8E0CE4B} = {887FFCFC-1B4F-4F6D-9A86-A5C908FFD3E8}
		{75B4F82B-B27C-47D3-84E7-C0EB5B5B00C7} = {E98FC5D0-784C-467B-A696-441983703E17}
		{F101876D-1478-4F29-B90F-0EBAEE89AECC} = {E98FC5D0-784C-467B-A696-441983703E17}
	EndGlobalSection
	GlobalSection(ExtensibilityGlobals) = postSolution
		SolutionGuid = {E461C368-BF18-4619-87EA-422216AF0DE0}
	EndGlobalSection
EndGlobal
